
Microsoft Visual Studio Solution File, Format Version 12.00
# Visual Studio 15
VisualStudioVersion = 15.0.27703.2042
MinimumVisualStudioVersion = 10.0.40219.1
Project("{2150E333-8FDC-42A3-9474-1A3956D46DE8}") = "Source", "Source", "{30074D10-1E56-49F7-B630-617D07566B06}"
EndProject
Project("{9A19103F-16F7-4668-BE54-9A1E7A4F7556}") = "MicroservicePortal.Web", "Source\MicroservicePortal.Web\MicroservicePortal.Web.csproj", "{92CB65A6-DB86-47A5-8A74-7000B2D6AB8E}"
EndProject
Global
	GlobalSection(SolutionConfigurationPlatforms) = preSolution
		Debug|Any CPU = Debug|Any CPU
		Release|Any CPU = Release|Any CPU
	EndGlobalSection
	GlobalSection(ProjectConfigurationPlatforms) = postSolution
		{92CB65A6-DB86-47A5-8A74-7000B2D6AB8E}.Debug|Any CPU.ActiveCfg = Debug|Any CPU
		{92CB65A6-DB86-47A5-8A74-7000B2D6AB8E}.Debug|Any CPU.Build.0 = Debug|Any CPU
		{92CB65A6-DB86-47A5-8A74-7000B2D6AB8E}.Release|Any CPU.ActiveCfg = Release|Any CPU
		{92CB65A6-DB86-47A5-8A74-7000B2D6AB8E}.Release|Any CPU.Build.0 = Release|Any CPU
	EndGlobalSection
	GlobalSection(SolutionProperties) = preSolution
		HideSolutionNode = FALSE
	EndGlobalSection
	GlobalSection(NestedProjects) = preSolution
		{92CB65A6-DB86-47A5-8A74-7000B2D6AB8E} = {30074D10-1E56-49F7-B630-617D07566B06}
	EndGlobalSection
	GlobalSection(ExtensibilityGlobals) = postSolution
		SolutionGuid = {FAEB2E64-71A2-4F36-A3BC-B64065B3D4FF}
	EndGlobalSection
EndGlobal
